
Microsoft Visual Studio Solution File, Format Version 12.00
# Visual Studio Version 17
VisualStudioVersion = 17.4.33213.308
MinimumVisualStudioVersion = 10.0.40219.1
Project("{FAE04EC0-301F-11D3-BF4B-00C04F79EFBC}") = "mkr1", "mkr1\mkr1.csproj", "{DAA00661-7355-47DD-80E6-6427CF5AA75B}"
EndProject
Global
	GlobalSection(SolutionConfigurationPlatforms) = preSolution
		Debug|Any CPU = Debug|Any CPU
		Release|Any CPU = Release|Any CPU
	EndGlobalSection
	GlobalSection(ProjectConfigurationPlatforms) = postSolution
		{DAA00661-7355-47DD-80E6-6427CF5AA75B}.Debug|Any CPU.ActiveCfg = Debug|Any CPU
		{DAA00661-7355-47DD-80E6-6427CF5AA75B}.Debug|Any CPU.Build.0 = Debug|Any CPU
		{DAA00661-7355-47DD-80E6-6427CF5AA75B}.Release|Any CPU.ActiveCfg = Release|Any CPU
		{DAA00661-7355-47DD-80E6-6427CF5AA75B}.Release|Any CPU.Build.0 = Release|Any CPU
	EndGlobalSection
	GlobalSection(SolutionProperties) = preSolution
		HideSolutionNode = FALSE
	EndGlobalSection
	GlobalSection(ExtensibilityGlobals) = postSolution
		SolutionGuid = {1655AC7C-6D70-45A7-B97A-729387DCB041}
	EndGlobalSection
EndGlobal
